
Microsoft Visual Studio Solution File, Format Version 12.00
# Visual Studio 15
VisualStudioVersion = 15.0.28307.902
MinimumVisualStudioVersion = 10.0.40219.1
Project("{FAE04EC0-301F-11D3-BF4B-00C04F79EFBC}") = "PlayWithData", "PlayWithData\PlayWithData.csproj", "{113675D1-53FF-405F-B575-21D6D3CA3E63}"
EndProject
Global
	GlobalSection(SolutionConfigurationPlatforms) = preSolution
		Debug|Any CPU = Debug|Any CPU
		Release|Any CPU = Release|Any CPU
	EndGlobalSection
	GlobalSection(ProjectConfigurationPlatforms) = postSolution
		{113675D1-53FF-405F-B575-21D6D3CA3E63}.Debug|Any CPU.ActiveCfg = Debug|Any CPU
		{113675D1-53FF-405F-B575-21D6D3CA3E63}.Debug|Any CPU.Build.0 = Debug|Any CPU
		{113675D1-53FF-405F-B575-21D6D3CA3E63}.Release|Any CPU.ActiveCfg = Release|Any CPU
		{113675D1-53FF-405F-B575-21D6D3CA3E63}.Release|Any CPU.Build.0 = Release|Any CPU
	EndGlobalSection
	GlobalSection(SolutionProperties) = preSolution
		HideSolutionNode = FALSE
	EndGlobalSection
	GlobalSection(ExtensibilityGlobals) = postSolution
		SolutionGuid = {4C79BEB1-3A77-470F-BCEE-D3B2490F6274}
	EndGlobalSection
EndGlobal
